
Microsoft Visual Studio Solution File, Format Version 11.00
# Visual Studio 2010
Project("{FAE04EC0-301F-11D3-BF4B-00C04F79EFBC}") = "IP地址切换器", "IP地址切换器\IP地址切换器.csproj", "{34D32EA2-E4D8-4B4D-9941-4D1B8D6C358E}"
EndProject
Global
	GlobalSection(SolutionConfigurationPlatforms) = preSolution
		Debug|Any CPU = Debug|Any CPU
		Release|Any CPU = Release|Any CPU
	EndGlobalSection
	GlobalSection(ProjectConfigurationPlatforms) = postSolution
		{34D32EA2-E4D8-4B4D-9941-4D1B8D6C358E}.Debug|Any CPU.ActiveCfg = Debug|Any CPU
		{34D32EA2-E4D8-4B4D-9941-4D1B8D6C358E}.Debug|Any CPU.Build.0 = Debug|Any CPU
		{34D32EA2-E4D8-4B4D-9941-4D1B8D6C358E}.Release|Any CPU.ActiveCfg = Release|Any CPU
		{34D32EA2-E4D8-4B4D-9941-4D1B8D6C358E}.Release|Any CPU.Build.0 = Release|Any CPU
	EndGlobalSection
	GlobalSection(SolutionProperties) = preSolution
		HideSolutionNode = FALSE
	EndGlobalSection
EndGlobal
